// !$*UTF8*$!
{
	archiveVersion = 1;
	classes = {
	};
	objectVersion = 51;
	objects = {

/* Begin PBXBuildFile section */
		6ACF623D4D6147C199B0A9A9 /* Pods_theMars.framework in Frameworks */ = {isa = PBXBuildFile; fileRef = B6E59CCA889B8F5EE5623FB1 /* Pods_theMars.framework */; };
		9F201AE42568062E007800CA /* AppSettingsManager.swift in Sources */ = {isa = PBXBuildFile; fileRef = 9F201AE32568062E007800CA /* AppSettingsManager.swift */; };
		AB12C5FA2560033B007AE033 /* NetworkManager.swift in Sources */ = {isa = PBXBuildFile; fileRef = AB12C5F92560033B007AE033 /* NetworkManager.swift */; };
		AB12C60425601646007AE033 /* PhotoViewController.swift in Sources */ = {isa = PBXBuildFile; fileRef = AB12C60325601646007AE033 /* PhotoViewController.swift */; };
		AB12C60C25604BB8007AE033 /* FilterViewController.swift in Sources */ = {isa = PBXBuildFile; fileRef = AB12C60B25604BB8007AE033 /* FilterViewController.swift */; };
		AB12C60F25604CA3007AE033 /* RoverFilter.swift in Sources */ = {isa = PBXBuildFile; fileRef = AB12C60E25604CA3007AE033 /* RoverFilter.swift */; };
		AB12C61225604E18007AE033 /* Extension +Date.swift in Sources */ = {isa = PBXBuildFile; fileRef = AB12C61125604E18007AE033 /* Extension +Date.swift */; };
		AB12C61525605339007AE033 /* Extension +String.swift in Sources */ = {isa = PBXBuildFile; fileRef = AB12C61425605339007AE033 /* Extension +String.swift */; };
		AB12C61E2560617E007AE033 /* RoverInfo.swift in Sources */ = {isa = PBXBuildFile; fileRef = AB12C61D2560617E007AE033 /* RoverInfo.swift */; };
		AB12C6212561388D007AE033 /* Extension +UIViewController.swift in Sources */ = {isa = PBXBuildFile; fileRef = AB12C6202561388D007AE033 /* Extension +UIViewController.swift */; };
		AB611EFF255FCE920075AC11 /* AppDelegate.swift in Sources */ = {isa = PBXBuildFile; fileRef = AB611EFE255FCE920075AC11 /* AppDelegate.swift */; };
		AB611F01255FCE920075AC11 /* SceneDelegate.swift in Sources */ = {isa = PBXBuildFile; fileRef = AB611F00255FCE920075AC11 /* SceneDelegate.swift */; };
		AB611F06255FCE920075AC11 /* Main.storyboard in Resources */ = {isa = PBXBuildFile; fileRef = AB611F04255FCE920075AC11 /* Main.storyboard */; };
		AB611F08255FCE950075AC11 /* Assets.xcassets in Resources */ = {isa = PBXBuildFile; fileRef = AB611F07255FCE950075AC11 /* Assets.xcassets */; };
		AB611F0B255FCE950075AC11 /* LaunchScreen.storyboard in Resources */ = {isa = PBXBuildFile; fileRef = AB611F09255FCE950075AC11 /* LaunchScreen.storyboard */; };
		AB611F1B255FCFC70075AC11 /* theMars.jpg in Resources */ = {isa = PBXBuildFile; fileRef = AB611F1A255FCFC70075AC11 /* theMars.jpg */; };
		AB611F20255FD0F40075AC11 /* MainCollectionViewController.swift in Sources */ = {isa = PBXBuildFile; fileRef = AB611F1F255FD0F40075AC11 /* MainCollectionViewController.swift */; };
		AB611F23255FD28A0075AC11 /* MainCollectionViewCell.swift in Sources */ = {isa = PBXBuildFile; fileRef = AB611F22255FD28A0075AC11 /* MainCollectionViewCell.swift */; };
		AB611F27255FFFB90075AC11 /* Rover.swift in Sources */ = {isa = PBXBuildFile; fileRef = AB611F26255FFFB90075AC11 /* Rover.swift */; };
		ABE6CA6D2568163D00FA87FA /* RoverFavorite.swift in Sources */ = {isa = PBXBuildFile; fileRef = ABE6CA6C2568163D00FA87FA /* RoverFavorite.swift */; };
		ABE6CA702568377E00FA87FA /* FavoriteButton.swift in Sources */ = {isa = PBXBuildFile; fileRef = ABE6CA6F2568377E00FA87FA /* FavoriteButton.swift */; };
		ABE6CA7F25685F3800FA87FA /* FavoriteListCollectionViewController.swift in Sources */ = {isa = PBXBuildFile; fileRef = ABE6CA7E25685F3800FA87FA /* FavoriteListCollectionViewController.swift */; };
		ABE6CA832568601400FA87FA /* FavoriteListCollectionViewCell.swift in Sources */ = {isa = PBXBuildFile; fileRef = ABE6CA822568601400FA87FA /* FavoriteListCollectionViewCell.swift */; };
		ABE6CA86256914D300FA87FA /* DataCache.swift in Sources */ = {isa = PBXBuildFile; fileRef = ABE6CA85256914D300FA87FA /* DataCache.swift */; };
		ABF137822563F25D00A26ADD /* FilterButton.swift in Sources */ = {isa = PBXBuildFile; fileRef = ABF137812563F25D00A26ADD /* FilterButton.swift */; };
/* End PBXBuildFile section */

/* Begin PBXFileReference section */
		42904DBC6086D60E805D2BA3 /* Pods-theMars.debug.xcconfig */ = {isa = PBXFileReference; includeInIndex = 1; lastKnownFileType = text.xcconfig; name = "Pods-theMars.debug.xcconfig"; path = "Target Support Files/Pods-theMars/Pods-theMars.debug.xcconfig"; sourceTree = "<group>"; };
		9F201AE32568062E007800CA /* AppSettingsManager.swift */ = {isa = PBXFileReference; lastKnownFileType = sourcecode.swift; path = AppSettingsManager.swift; sourceTree = "<group>"; };
		AB12C5F92560033B007AE033 /* NetworkManager.swift */ = {isa = PBXFileReference; lastKnownFileType = sourcecode.swift; path = NetworkManager.swift; sourceTree = "<group>"; };
		AB12C60325601646007AE033 /* PhotoViewController.swift */ = {isa = PBXFileReference; lastKnownFileType = sourcecode.swift; path = PhotoViewController.swift; sourceTree = "<group>"; };
		AB12C60B25604BB8007AE033 /* FilterViewController.swift */ = {isa = PBXFileReference; lastKnownFileType = sourcecode.swift; path = FilterViewController.swift; sourceTree = "<group>"; };
		AB12C60E25604CA3007AE033 /* RoverFilter.swift */ = {isa = PBXFileReference; lastKnownFileType = sourcecode.swift; path = RoverFilter.swift; sourceTree = "<group>"; };
		AB12C61125604E18007AE033 /* Extension +Date.swift */ = {isa = PBXFileReference; lastKnownFileType = sourcecode.swift; path = "Extension +Date.swift"; sourceTree = "<group>"; };
		AB12C61425605339007AE033 /* Extension +String.swift */ = {isa = PBXFileReference; lastKnownFileType = sourcecode.swift; path = "Extension +String.swift"; sourceTree = "<group>"; };
		AB12C61D2560617E007AE033 /* RoverInfo.swift */ = {isa = PBXFileReference; lastKnownFileType = sourcecode.swift; path = RoverInfo.swift; sourceTree = "<group>"; };
		AB12C6202561388D007AE033 /* Extension +UIViewController.swift */ = {isa = PBXFileReference; lastKnownFileType = sourcecode.swift; path = "Extension +UIViewController.swift"; sourceTree = "<group>"; };
		AB611EFB255FCE920075AC11 /* theMars.app */ = {isa = PBXFileReference; explicitFileType = wrapper.application; includeInIndex = 0; path = theMars.app; sourceTree = BUILT_PRODUCTS_DIR; };
		AB611EFE255FCE920075AC11 /* AppDelegate.swift */ = {isa = PBXFileReference; lastKnownFileType = sourcecode.swift; path = AppDelegate.swift; sourceTree = "<group>"; };
		AB611F00255FCE920075AC11 /* SceneDelegate.swift */ = {isa = PBXFileReference; lastKnownFileType = sourcecode.swift; path = SceneDelegate.swift; sourceTree = "<group>"; };
		AB611F05255FCE920075AC11 /* Base */ = {isa = PBXFileReference; lastKnownFileType = file.storyboard; name = Base; path = Base.lproj/Main.storyboard; sourceTree = "<group>"; };
		AB611F07255FCE950075AC11 /* Assets.xcassets */ = {isa = PBXFileReference; lastKnownFileType = folder.assetcatalog; path = Assets.xcassets; sourceTree = "<group>"; };
		AB611F0A255FCE950075AC11 /* Base */ = {isa = PBXFileReference; lastKnownFileType = file.storyboard; name = Base; path = Base.lproj/LaunchScreen.storyboard; sourceTree = "<group>"; };
		AB611F0C255FCE950075AC11 /* Info.plist */ = {isa = PBXFileReference; lastKnownFileType = text.plist.xml; path = Info.plist; sourceTree = "<group>"; };
		AB611F1A255FCFC70075AC11 /* theMars.jpg */ = {isa = PBXFileReference; lastKnownFileType = image.jpeg; path = theMars.jpg; sourceTree = "<group>"; };
		AB611F1F255FD0F40075AC11 /* MainCollectionViewController.swift */ = {isa = PBXFileReference; lastKnownFileType = sourcecode.swift; path = MainCollectionViewController.swift; sourceTree = "<group>"; };
		AB611F22255FD28A0075AC11 /* MainCollectionViewCell.swift */ = {isa = PBXFileReference; lastKnownFileType = sourcecode.swift; path = MainCollectionViewCell.swift; sourceTree = "<group>"; };
		AB611F26255FFFB90075AC11 /* Rover.swift */ = {isa = PBXFileReference; lastKnownFileType = sourcecode.swift; path = Rover.swift; sourceTree = "<group>"; };
		ABE6CA6C2568163D00FA87FA /* RoverFavorite.swift */ = {isa = PBXFileReference; lastKnownFileType = sourcecode.swift; path = RoverFavorite.swift; sourceTree = "<group>"; };
		ABE6CA6F2568377E00FA87FA /* FavoriteButton.swift */ = {isa = PBXFileReference; lastKnownFileType = sourcecode.swift; path = FavoriteButton.swift; sourceTree = "<group>"; };
		ABE6CA7E25685F3800FA87FA /* FavoriteListCollectionViewController.swift */ = {isa = PBXFileReference; lastKnownFileType = sourcecode.swift; path = FavoriteListCollectionViewController.swift; sourceTree = "<group>"; };
		ABE6CA822568601400FA87FA /* FavoriteListCollectionViewCell.swift */ = {isa = PBXFileReference; lastKnownFileType = sourcecode.swift; path = FavoriteListCollectionViewCell.swift; sourceTree = "<group>"; };
		ABE6CA85256914D300FA87FA /* DataCache.swift */ = {isa = PBXFileReference; lastKnownFileType = sourcecode.swift; path = DataCache.swift; sourceTree = "<group>"; };
		ABF137812563F25D00A26ADD /* FilterButton.swift */ = {isa = PBXFileReference; lastKnownFileType = sourcecode.swift; path = FilterButton.swift; sourceTree = "<group>"; };
		B6E59CCA889B8F5EE5623FB1 /* Pods_theMars.framework */ = {isa = PBXFileReference; explicitFileType = wrapper.framework; includeInIndex = 0; path = Pods_theMars.framework; sourceTree = BUILT_PRODUCTS_DIR; };
		FB778FDD2F16EE8EF9301B0E /* Pods-theMars.release.xcconfig */ = {isa = PBXFileReference; includeInIndex = 1; lastKnownFileType = text.xcconfig; name = "Pods-theMars.release.xcconfig"; path = "Target Support Files/Pods-theMars/Pods-theMars.release.xcconfig"; sourceTree = "<group>"; };
/* End PBXFileReference section */

/* Begin PBXFrameworksBuildPhase section */
		AB611EF8255FCE920075AC11 /* Frameworks */ = {
			isa = PBXFrameworksBuildPhase;
			buildActionMask = 2147483647;
			files = (
				6ACF623D4D6147C199B0A9A9 /* Pods_theMars.framework in Frameworks */,
			);
			runOnlyForDeploymentPostprocessing = 0;
		};
/* End PBXFrameworksBuildPhase section */

/* Begin PBXGroup section */
		5F02D963BE4559B5AAD94D51 /* Pods */ = {
			isa = PBXGroup;
			children = (
				42904DBC6086D60E805D2BA3 /* Pods-theMars.debug.xcconfig */,
				FB778FDD2F16EE8EF9301B0E /* Pods-theMars.release.xcconfig */,
			);
			path = Pods;
			sourceTree = "<group>";
		};
		9F201ADF25680417007800CA /* App */ = {
			isa = PBXGroup;
			children = (
				AB611EFE255FCE920075AC11 /* AppDelegate.swift */,
				AB611F00255FCE920075AC11 /* SceneDelegate.swift */,
				AB611F0C255FCE950075AC11 /* Info.plist */,
			);
			path = App;
			sourceTree = "<group>";
		};
		9F201AE12568044C007800CA /* Resources */ = {
			isa = PBXGroup;
			children = (
				AB611F07255FCE950075AC11 /* Assets.xcassets */,
				AB611F1A255FCFC70075AC11 /* theMars.jpg */,
			);
			path = Resources;
			sourceTree = "<group>";
		};
		AB12C6172560554A007AE033 /* ViewControllers */ = {
			isa = PBXGroup;
			children = (
				ABE6CA7E25685F3800FA87FA /* FavoriteListCollectionViewController.swift */,
				ABE6CA822568601400FA87FA /* FavoriteListCollectionViewCell.swift */,
				AB12C60B25604BB8007AE033 /* FilterViewController.swift */,
				AB611F1F255FD0F40075AC11 /* MainCollectionViewController.swift */,
				AB611F22255FD28A0075AC11 /* MainCollectionViewCell.swift */,
				AB12C60325601646007AE033 /* PhotoViewController.swift */,
			);
			path = ViewControllers;
			sourceTree = "<group>";
		};
		AB12C6192560555E007AE033 /* Models */ = {
			isa = PBXGroup;
			children = (
				AB611F26255FFFB90075AC11 /* Rover.swift */,
				ABE6CA6C2568163D00FA87FA /* RoverFavorite.swift */,
				AB12C60E25604CA3007AE033 /* RoverFilter.swift */,
				AB12C61D2560617E007AE033 /* RoverInfo.swift */,
			);
			path = Models;
			sourceTree = "<group>";
		};
		AB12C61A2560556E007AE033 /* Extensions */ = {
			isa = PBXGroup;
			children = (
				AB12C61125604E18007AE033 /* Extension +Date.swift */,
				AB12C61425605339007AE033 /* Extension +String.swift */,
				AB12C6202561388D007AE033 /* Extension +UIViewController.swift */,
			);
			path = Extensions;
			sourceTree = "<group>";
		};
		AB12C61B2560557D007AE033 /* Managers */ = {
			isa = PBXGroup;
			children = (
				9F201AE32568062E007800CA /* AppSettingsManager.swift */,
				ABE6CA85256914D300FA87FA /* DataCache.swift */,
				AB12C5F92560033B007AE033 /* NetworkManager.swift */,
			);
			path = Managers;
			sourceTree = "<group>";
		};
		AB60BF8F25658D5200E0155A /* UI */ = {
			isa = PBXGroup;
			children = (
				ABE6CA6F2568377E00FA87FA /* FavoriteButton.swift */,
				ABF137812563F25D00A26ADD /* FilterButton.swift */,
			);
			path = UI;
			sourceTree = "<group>";
		};
		AB611EF2255FCE920075AC11 = {
			isa = PBXGroup;
			children = (
				AB611EFD255FCE920075AC11 /* theMars */,
				AB611EFC255FCE920075AC11 /* Products */,
				5F02D963BE4559B5AAD94D51 /* Pods */,
				E1F8B9A8533E859EBA3DB5C4 /* Frameworks */,
			);
			sourceTree = "<group>";
		};
		AB611EFC255FCE920075AC11 /* Products */ = {
			isa = PBXGroup;
			children = (
				AB611EFB255FCE920075AC11 /* theMars.app */,
			);
			name = Products;
			sourceTree = "<group>";
		};
		AB611EFD255FCE920075AC11 /* theMars */ = {
			isa = PBXGroup;
			children = (
				9F201ADF25680417007800CA /* App */,
				AB12C61A2560556E007AE033 /* Extensions */,
				AB12C61B2560557D007AE033 /* Managers */,
				AB12C6192560555E007AE033 /* Models */,
				9F201AE12568044C007800CA /* Resources */,
				AB60BF8F25658D5200E0155A /* UI */,
				AB12C6172560554A007AE033 /* ViewControllers */,
				AB611F04255FCE920075AC11 /* Main.storyboard */,
				AB611F09255FCE950075AC11 /* LaunchScreen.storyboard */,
			);
			path = theMars;
			sourceTree = "<group>";
		};
		E1F8B9A8533E859EBA3DB5C4 /* Frameworks */ = {
			isa = PBXGroup;
			children = (
				B6E59CCA889B8F5EE5623FB1 /* Pods_theMars.framework */,
			);
			name = Frameworks;
			sourceTree = "<group>";
		};
/* End PBXGroup section */

/* Begin PBXNativeTarget section */
		AB611EFA255FCE920075AC11 /* theMars */ = {
			isa = PBXNativeTarget;
			buildConfigurationList = AB611F0F255FCE950075AC11 /* Build configuration list for PBXNativeTarget "theMars" */;
			buildPhases = (
				785FC0732332288F2730F644 /* [CP] Check Pods Manifest.lock */,
				AB611EF7255FCE920075AC11 /* Sources */,
				AB611EF8255FCE920075AC11 /* Frameworks */,
				AB611EF9255FCE920075AC11 /* Resources */,
				6D3FBE03FF8268AEAF7EDFE5 /* [CP] Embed Pods Frameworks */,
			);
			buildRules = (
			);
			dependencies = (
			);
			name = theMars;
			productName = theMars;
			productReference = AB611EFB255FCE920075AC11 /* theMars.app */;
			productType = "com.apple.product-type.application";
		};
/* End PBXNativeTarget section */

/* Begin PBXProject section */
		AB611EF3255FCE920075AC11 /* Project object */ = {
			isa = PBXProject;
			attributes = {
				LastSwiftUpdateCheck = 1220;
				LastUpgradeCheck = 1220;
				TargetAttributes = {
					AB611EFA255FCE920075AC11 = {
						CreatedOnToolsVersion = 12.2;
					};
				};
			};
			buildConfigurationList = AB611EF6255FCE920075AC11 /* Build configuration list for PBXProject "theMars" */;
			compatibilityVersion = "Xcode 9.3";
			developmentRegion = en;
			hasScannedForEncodings = 0;
			knownRegions = (
				en,
				Base,
			);
			mainGroup = AB611EF2255FCE920075AC11;
			productRefGroup = AB611EFC255FCE920075AC11 /* Products */;
			projectDirPath = "";
			projectRoot = "";
			targets = (
				AB611EFA255FCE920075AC11 /* theMars */,
			);
		};
/* End PBXProject section */

/* Begin PBXResourcesBuildPhase section */
		AB611EF9255FCE920075AC11 /* Resources */ = {
			isa = PBXResourcesBuildPhase;
			buildActionMask = 2147483647;
			files = (
				AB611F1B255FCFC70075AC11 /* theMars.jpg in Resources */,
				AB611F0B255FCE950075AC11 /* LaunchScreen.storyboard in Resources */,
				AB611F08255FCE950075AC11 /* Assets.xcassets in Resources */,
				AB611F06255FCE920075AC11 /* Main.storyboard in Resources */,
			);
			runOnlyForDeploymentPostprocessing = 0;
		};
/* End PBXResourcesBuildPhase section */

/* Begin PBXShellScriptBuildPhase section */
		6D3FBE03FF8268AEAF7EDFE5 /* [CP] Embed Pods Frameworks */ = {
			isa = PBXShellScriptBuildPhase;
			buildActionMask = 2147483647;
			files = (
			);
			inputFileListPaths = (
				"${PODS_ROOT}/Target Support Files/Pods-theMars/Pods-theMars-frameworks-${CONFIGURATION}-input-files.xcfilelist",
			);
			name = "[CP] Embed Pods Frameworks";
			outputFileListPaths = (
				"${PODS_ROOT}/Target Support Files/Pods-theMars/Pods-theMars-frameworks-${CONFIGURATION}-output-files.xcfilelist",
			);
			runOnlyForDeploymentPostprocessing = 0;
			shellPath = /bin/sh;
			shellScript = "\"${PODS_ROOT}/Target Support Files/Pods-theMars/Pods-theMars-frameworks.sh\"\n";
			showEnvVarsInLog = 0;
		};
		785FC0732332288F2730F644 /* [CP] Check Pods Manifest.lock */ = {
			isa = PBXShellScriptBuildPhase;
			buildActionMask = 2147483647;
			files = (
			);
			inputFileListPaths = (
			);
			inputPaths = (
				"${PODS_PODFILE_DIR_PATH}/Podfile.lock",
				"${PODS_ROOT}/Manifest.lock",
			);
			name = "[CP] Check Pods Manifest.lock";
			outputFileListPaths = (
			);
			outputPaths = (
				"$(DERIVED_FILE_DIR)/Pods-theMars-checkManifestLockResult.txt",
			);
			runOnlyForDeploymentPostprocessing = 0;
			shellPath = /bin/sh;
			shellScript = "diff \"${PODS_PODFILE_DIR_PATH}/Podfile.lock\" \"${PODS_ROOT}/Manifest.lock\" > /dev/null\nif [ $? != 0 ] ; then\n    # print error to STDERR\n    echo \"error: The sandbox is not in sync with the Podfile.lock. Run 'pod install' or update your CocoaPods installation.\" >&2\n    exit 1\nfi\n# This output is used by Xcode 'outputs' to avoid re-running this script phase.\necho \"SUCCESS\" > \"${SCRIPT_OUTPUT_FILE_0}\"\n";
			showEnvVarsInLog = 0;
		};
/* End PBXShellScriptBuildPhase section */

/* Begin PBXSourcesBuildPhase section */
		AB611EF7255FCE920075AC11 /* Sources */ = {
			isa = PBXSourcesBuildPhase;
			buildActionMask = 2147483647;
			files = (
				9F201AE42568062E007800CA /* AppSettingsManager.swift in Sources */,
				AB12C5FA2560033B007AE033 /* NetworkManager.swift in Sources */,
				ABE6CA702568377E00FA87FA /* FavoriteButton.swift in Sources */,
				AB611EFF255FCE920075AC11 /* AppDelegate.swift in Sources */,
				AB12C61225604E18007AE033 /* Extension +Date.swift in Sources */,
				AB12C60C25604BB8007AE033 /* FilterViewController.swift in Sources */,
				AB12C6212561388D007AE033 /* Extension +UIViewController.swift in Sources */,
				AB12C61E2560617E007AE033 /* RoverInfo.swift in Sources */,
				AB611F20255FD0F40075AC11 /* MainCollectionViewController.swift in Sources */,
				ABE6CA832568601400FA87FA /* FavoriteListCollectionViewCell.swift in Sources */,
				AB611F01255FCE920075AC11 /* SceneDelegate.swift in Sources */,
				AB12C60425601646007AE033 /* PhotoViewController.swift in Sources */,
				AB611F27255FFFB90075AC11 /* Rover.swift in Sources */,
				ABE6CA86256914D300FA87FA /* DataCache.swift in Sources */,
				AB611F23255FD28A0075AC11 /* MainCollectionViewCell.swift in Sources */,
				AB12C61525605339007AE033 /* Extension +String.swift in Sources */,
				AB12C60F25604CA3007AE033 /* RoverFilter.swift in Sources */,
				ABE6CA7F25685F3800FA87FA /* FavoriteListCollectionViewController.swift in Sources */,
				ABF137822563F25D00A26ADD /* FilterButton.swift in Sources */,
				ABE6CA6D2568163D00FA87FA /* RoverFavorite.swift in Sources */,
			);
			runOnlyForDeploymentPostprocessing = 0;
		};
/* End PBXSourcesBuildPhase section */

/* Begin PBXVariantGroup section */
		AB611F04255FCE920075AC11 /* Main.storyboard */ = {
			isa = PBXVariantGroup;
			children = (
				AB611F05255FCE920075AC11 /* Base */,
			);
			name = Main.storyboard;
			sourceTree = "<group>";
		};
		AB611F09255FCE950075AC11 /* LaunchScreen.storyboard */ = {
			isa = PBXVariantGroup;
			children = (
				AB611F0A255FCE950075AC11 /* Base */,
			);
			name = LaunchScreen.storyboard;
			sourceTree = "<group>";
		};
/* End PBXVariantGroup section */

/* Begin XCBuildConfiguration section */
		AB611F0D255FCE950075AC11 /* Debug */ = {
			isa = XCBuildConfiguration;
			buildSettings = {
				ALWAYS_SEARCH_USER_PATHS = NO;
				CLANG_ANALYZER_NONNULL = YES;
				CLANG_ANALYZER_NUMBER_OBJECT_CONVERSION = YES_AGGRESSIVE;
				CLANG_CXX_LANGUAGE_STANDARD = "gnu++14";
				CLANG_CXX_LIBRARY = "libc++";
				CLANG_ENABLE_MODULES = YES;
				CLANG_ENABLE_OBJC_ARC = YES;
				CLANG_ENABLE_OBJC_WEAK = YES;
				CLANG_WARN_BLOCK_CAPTURE_AUTORELEASING = YES;
				CLANG_WARN_BOOL_CONVERSION = YES;
				CLANG_WARN_COMMA = YES;
				CLANG_WARN_CONSTANT_CONVERSION = YES;
				CLANG_WARN_DEPRECATED_OBJC_IMPLEMENTATIONS = YES;
				CLANG_WARN_DIRECT_OBJC_ISA_USAGE = YES_ERROR;
				CLANG_WARN_DOCUMENTATION_COMMENTS = YES;
				CLANG_WARN_EMPTY_BODY = YES;
				CLANG_WARN_ENUM_CONVERSION = YES;
				CLANG_WARN_INFINITE_RECURSION = YES;
				CLANG_WARN_INT_CONVERSION = YES;
				CLANG_WARN_NON_LITERAL_NULL_CONVERSION = YES;
				CLANG_WARN_OBJC_IMPLICIT_RETAIN_SELF = YES;
				CLANG_WARN_OBJC_LITERAL_CONVERSION = YES;
				CLANG_WARN_OBJC_ROOT_CLASS = YES_ERROR;
				CLANG_WARN_QUOTED_INCLUDE_IN_FRAMEWORK_HEADER = YES;
				CLANG_WARN_RANGE_LOOP_ANALYSIS = YES;
				CLANG_WARN_STRICT_PROTOTYPES = YES;
				CLANG_WARN_SUSPICIOUS_MOVE = YES;
				CLANG_WARN_UNGUARDED_AVAILABILITY = YES_AGGRESSIVE;
				CLANG_WARN_UNREACHABLE_CODE = YES;
				CLANG_WARN__DUPLICATE_METHOD_MATCH = YES;
				COPY_PHASE_STRIP = NO;
				DEBUG_INFORMATION_FORMAT = dwarf;
				ENABLE_STRICT_OBJC_MSGSEND = YES;
				ENABLE_TESTABILITY = YES;
				GCC_C_LANGUAGE_STANDARD = gnu11;
				GCC_DYNAMIC_NO_PIC = NO;
				GCC_NO_COMMON_BLOCKS = YES;
				GCC_OPTIMIZATION_LEVEL = 0;
				GCC_PREPROCESSOR_DEFINITIONS = (
					"DEBUG=1",
					"$(inherited)",
				);
				GCC_WARN_64_TO_32_BIT_CONVERSION = YES;
				GCC_WARN_ABOUT_RETURN_TYPE = YES_ERROR;
				GCC_WARN_UNDECLARED_SELECTOR = YES;
				GCC_WARN_UNINITIALIZED_AUTOS = YES_AGGRESSIVE;
				GCC_WARN_UNUSED_FUNCTION = YES;
				GCC_WARN_UNUSED_VARIABLE = YES;
				IPHONEOS_DEPLOYMENT_TARGET = 14.2;
				MTL_ENABLE_DEBUG_INFO = INCLUDE_SOURCE;
				MTL_FAST_MATH = YES;
				ONLY_ACTIVE_ARCH = YES;
				SDKROOT = iphoneos;
				SWIFT_ACTIVE_COMPILATION_CONDITIONS = DEBUG;
				SWIFT_OPTIMIZATION_LEVEL = "-Onone";
			};
			name = Debug;
		};
		AB611F0E255FCE950075AC11 /* Release */ = {
			isa = XCBuildConfiguration;
			buildSettings = {
				ALWAYS_SEARCH_USER_PATHS = NO;
				CLANG_ANALYZER_NONNULL = YES;
				CLANG_ANALYZER_NUMBER_OBJECT_CONVERSION = YES_AGGRESSIVE;
				CLANG_CXX_LANGUAGE_STANDARD = "gnu++14";
				CLANG_CXX_LIBRARY = "libc++";
				CLANG_ENABLE_MODULES = YES;
				CLANG_ENABLE_OBJC_ARC = YES;
				CLANG_ENABLE_OBJC_WEAK = YES;
				CLANG_WARN_BLOCK_CAPTURE_AUTORELEASING = YES;
				CLANG_WARN_BOOL_CONVERSION = YES;
				CLANG_WARN_COMMA = YES;
				CLANG_WARN_CONSTANT_CONVERSION = YES;
				CLANG_WARN_DEPRECATED_OBJC_IMPLEMENTATIONS = YES;
				CLANG_WARN_DIRECT_OBJC_ISA_USAGE = YES_ERROR;
				CLANG_WARN_DOCUMENTATION_COMMENTS = YES;
				CLANG_WARN_EMPTY_BODY = YES;
				CLANG_WARN_ENUM_CONVERSION = YES;
				CLANG_WARN_INFINITE_RECURSION = YES;
				CLANG_WARN_INT_CONVERSION = YES;
				CLANG_WARN_NON_LITERAL_NULL_CONVERSION = YES;
				CLANG_WARN_OBJC_IMPLICIT_RETAIN_SELF = YES;
				CLANG_WARN_OBJC_LITERAL_CONVERSION = YES;
				CLANG_WARN_OBJC_ROOT_CLASS = YES_ERROR;
				CLANG_WARN_QUOTED_INCLUDE_IN_FRAMEWORK_HEADER = YES;
				CLANG_WARN_RANGE_LOOP_ANALYSIS = YES;
				CLANG_WARN_STRICT_PROTOTYPES = YES;
				CLANG_WARN_SUSPICIOUS_MOVE = YES;
				CLANG_WARN_UNGUARDED_AVAILABILITY = YES_AGGRESSIVE;
				CLANG_WARN_UNREACHABLE_CODE = YES;
				CLANG_WARN__DUPLICATE_METHOD_MATCH = YES;
				COPY_PHASE_STRIP = NO;
				DEBUG_INFORMATION_FORMAT = "dwarf-with-dsym";
				ENABLE_NS_ASSERTIONS = NO;
				ENABLE_STRICT_OBJC_MSGSEND = YES;
				GCC_C_LANGUAGE_STANDARD = gnu11;
				GCC_NO_COMMON_BLOCKS = YES;
				GCC_WARN_64_TO_32_BIT_CONVERSION = YES;
				GCC_WARN_ABOUT_RETURN_TYPE = YES_ERROR;
				GCC_WARN_UNDECLARED_SELECTOR = YES;
				GCC_WARN_UNINITIALIZED_AUTOS = YES_AGGRESSIVE;
				GCC_WARN_UNUSED_FUNCTION = YES;
				GCC_WARN_UNUSED_VARIABLE = YES;
				IPHONEOS_DEPLOYMENT_TARGET = 14.2;
				MTL_ENABLE_DEBUG_INFO = NO;
				MTL_FAST_MATH = YES;
				SDKROOT = iphoneos;
				SWIFT_COMPILATION_MODE = wholemodule;
				SWIFT_OPTIMIZATION_LEVEL = "-O";
				VALIDATE_PRODUCT = YES;
			};
			name = Release;
		};
		AB611F10255FCE950075AC11 /* Debug */ = {
			isa = XCBuildConfiguration;
			baseConfigurationReference = 42904DBC6086D60E805D2BA3 /* Pods-theMars.debug.xcconfig */;
			buildSettings = {
				ASSETCATALOG_COMPILER_APPICON_NAME = AppIcon;
				ASSETCATALOG_COMPILER_GLOBAL_ACCENT_COLOR_NAME = AccentColor;
				CODE_SIGN_STYLE = Automatic;
				DEVELOPMENT_TEAM = 273Z2JY65J;
				INFOPLIST_FILE = theMars/App/Info.plist;
				LD_RUNPATH_SEARCH_PATHS = (
					"$(inherited)",
					"@executable_path/Frameworks",
				);
				PRODUCT_BUNDLE_IDENTIFIER = porsche.theMars;
				PRODUCT_NAME = "$(TARGET_NAME)";
				SWIFT_VERSION = 5.0;
				TARGETED_DEVICE_FAMILY = "1,2";
			};
			name = Debug;
		};
		AB611F11255FCE950075AC11 /* Release */ = {
			isa = XCBuildConfiguration;
			baseConfigurationReference = FB778FDD2F16EE8EF9301B0E /* Pods-theMars.release.xcconfig */;
			buildSettings = {
				ASSETCATALOG_COMPILER_APPICON_NAME = AppIcon;
				ASSETCATALOG_COMPILER_GLOBAL_ACCENT_COLOR_NAME = AccentColor;
				CODE_SIGN_STYLE = Automatic;
				DEVELOPMENT_TEAM = 273Z2JY65J;
				INFOPLIST_FILE = theMars/App/Info.plist;
				LD_RUNPATH_SEARCH_PATHS = (
					"$(inherited)",
					"@executable_path/Frameworks",
				);
				PRODUCT_BUNDLE_IDENTIFIER = porsche.theMars;
				PRODUCT_NAME = "$(TARGET_NAME)";
				SWIFT_VERSION = 5.0;
				TARGETED_DEVICE_FAMILY = "1,2";
			};
			name = Release;
		};
/* End XCBuildConfiguration section */

/* Begin XCConfigurationList section */
		AB611EF6255FCE920075AC11 /* Build configuration list for PBXProject "theMars" */ = {
			isa = XCConfigurationList;
			buildConfigurations = (
				AB611F0D255FCE950075AC11 /* Debug */,
				AB611F0E255FCE950075AC11 /* Release */,
			);
			defaultConfigurationIsVisible = 0;
			defaultConfigurationName = Release;
		};
		AB611F0F255FCE950075AC11 /* Build configuration list for PBXNativeTarget "theMars" */ = {
			isa = XCConfigurationList;
			buildConfigurations = (
				AB611F10255FCE950075AC11 /* Debug */,
				AB611F11255FCE950075AC11 /* Release */,
			);
			defaultConfigurationIsVisible = 0;
			defaultConfigurationName = Release;
		};
/* End XCConfigurationList section */
	};
	rootObject = AB611EF3255FCE920075AC11 /* Project object */;
}
